
Microsoft Visual Studio Solution File, Format Version 12.00
# Visual Studio Version 16
VisualStudioVersion = 16.0.29709.97
MinimumVisualStudioVersion = 10.0.40219.1
Project("{FAE04EC0-301F-11D3-BF4B-00C04F79EFBC}") = "DumpingBufferServer", "Res_Project\DumpingBufferServer.csproj", "{6788FCFC-5904-4CD4-A91D-6EFAB79AADBE}"
EndProject
Project("{FAE04EC0-301F-11D3-BF4B-00C04F79EFBC}") = "Common", "Common\Common.csproj", "{C913CC23-5CD5-4648-B3AB-D6E19B2ED17E}"
EndProject
Project("{FAE04EC0-301F-11D3-BF4B-00C04F79EFBC}") = "WriterClient", "Writer\WriterClient.csproj", "{35B3910B-ECF8-4F17-8115-08DCD7FD44A3}"
EndProject
Project("{FAE04EC0-301F-11D3-BF4B-00C04F79EFBC}") = "Historical", "Historical\Historical.csproj", "{FB2E4AC1-9A16-4BFD-BDAB-587F608B3DCF}"
EndProject
Project("{FAE04EC0-301F-11D3-BF4B-00C04F79EFBC}") = "Reader", "Reader\Reader.csproj", "{921D305D-C005-45D6-8783-31421CDAA81F}"
EndProject
Project("{FAE04EC0-301F-11D3-BF4B-00C04F79EFBC}") = "WriterClientTest", "WriterClientTest\WriterClientTest.csproj", "{1CBE3FB5-9EC6-4C95-9D40-60FE5914B167}"
EndProject
Project("{FAE04EC0-301F-11D3-BF4B-00C04F79EFBC}") = "DumpingBufferServerTest", "DumpingBufferServerTest\DumpingBufferServerTest.csproj", "{749BDCC6-10E6-4312-92D8-B6E5DA78D58F}"
EndProject
Global
	GlobalSection(SolutionConfigurationPlatforms) = preSolution
		Debug|Any CPU = Debug|Any CPU
		Release|Any CPU = Release|Any CPU
	EndGlobalSection
	GlobalSection(ProjectConfigurationPlatforms) = postSolution
		{6788FCFC-5904-4CD4-A91D-6EFAB79AADBE}.Debug|Any CPU.ActiveCfg = Debug|Any CPU
		{6788FCFC-5904-4CD4-A91D-6EFAB79AADBE}.Debug|Any CPU.Build.0 = Debug|Any CPU
		{6788FCFC-5904-4CD4-A91D-6EFAB79AADBE}.Release|Any CPU.ActiveCfg = Release|Any CPU
		{6788FCFC-5904-4CD4-A91D-6EFAB79AADBE}.Release|Any CPU.Build.0 = Release|Any CPU
		{C913CC23-5CD5-4648-B3AB-D6E19B2ED17E}.Debug|Any CPU.ActiveCfg = Debug|Any CPU
		{C913CC23-5CD5-4648-B3AB-D6E19B2ED17E}.Debug|Any CPU.Build.0 = Debug|Any CPU
		{C913CC23-5CD5-4648-B3AB-D6E19B2ED17E}.Release|Any CPU.ActiveCfg = Release|Any CPU
		{C913CC23-5CD5-4648-B3AB-D6E19B2ED17E}.Release|Any CPU.Build.0 = Release|Any CPU
		{35B3910B-ECF8-4F17-8115-08DCD7FD44A3}.Debug|Any CPU.ActiveCfg = Debug|Any CPU
		{35B3910B-ECF8-4F17-8115-08DCD7FD44A3}.Debug|Any CPU.Build.0 = Debug|Any CPU
		{35B3910B-ECF8-4F17-8115-08DCD7FD44A3}.Release|Any CPU.ActiveCfg = Release|Any CPU
		{35B3910B-ECF8-4F17-8115-08DCD7FD44A3}.Release|Any CPU.Build.0 = Release|Any CPU
		{FB2E4AC1-9A16-4BFD-BDAB-587F608B3DCF}.Debug|Any CPU.ActiveCfg = Debug|Any CPU
		{FB2E4AC1-9A16-4BFD-BDAB-587F608B3DCF}.Debug|Any CPU.Build.0 = Debug|Any CPU
		{FB2E4AC1-9A16-4BFD-BDAB-587F608B3DCF}.Release|Any CPU.ActiveCfg = Release|Any CPU
		{FB2E4AC1-9A16-4BFD-BDAB-587F608B3DCF}.Release|Any CPU.Build.0 = Release|Any CPU
		{921D305D-C005-45D6-8783-31421CDAA81F}.Debug|Any CPU.ActiveCfg = Debug|Any CPU
		{921D305D-C005-45D6-8783-31421CDAA81F}.Debug|Any CPU.Build.0 = Debug|Any CPU
		{921D305D-C005-45D6-8783-31421CDAA81F}.Release|Any CPU.ActiveCfg = Release|Any CPU
		{921D305D-C005-45D6-8783-31421CDAA81F}.Release|Any CPU.Build.0 = Release|Any CPU
		{1CBE3FB5-9EC6-4C95-9D40-60FE5914B167}.Debug|Any CPU.ActiveCfg = Debug|Any CPU
		{1CBE3FB5-9EC6-4C95-9D40-60FE5914B167}.Debug|Any CPU.Build.0 = Debug|Any CPU
		{1CBE3FB5-9EC6-4C95-9D40-60FE5914B167}.Release|Any CPU.ActiveCfg = Release|Any CPU
		{1CBE3FB5-9EC6-4C95-9D40-60FE5914B167}.Release|Any CPU.Build.0 = Release|Any CPU
		{749BDCC6-10E6-4312-92D8-B6E5DA78D58F}.Debug|Any CPU.ActiveCfg = Debug|Any CPU
		{749BDCC6-10E6-4312-92D8-B6E5DA78D58F}.Debug|Any CPU.Build.0 = Debug|Any CPU
		{749BDCC6-10E6-4312-92D8-B6E5DA78D58F}.Release|Any CPU.ActiveCfg = Release|Any CPU
		{749BDCC6-10E6-4312-92D8-B6E5DA78D58F}.Release|Any CPU.Build.0 = Release|Any CPU
	EndGlobalSection
	GlobalSection(SolutionProperties) = preSolution
		HideSolutionNode = FALSE
	EndGlobalSection
	GlobalSection(ExtensibilityGlobals) = postSolution
		SolutionGuid = {71358337-C66A-427D-82A5-928D7C292F9A}
	EndGlobalSection
EndGlobal
